// !$*UTF8*$!
{
	archiveVersion = 1;
	classes = {
	};
	objectVersion = 46;
	objects = {

/* Begin PBXBuildFile section */
		9BE053EC1B82C388005BCD96 /* main.m in Sources */ = {isa = PBXBuildFile; fileRef = 9BE053EB1B82C388005BCD96 /* main.m */; };
		9BE053EF1B82C388005BCD96 /* AppDelegate.m in Sources */ = {isa = PBXBuildFile; fileRef = 9BE053EE1B82C388005BCD96 /* AppDelegate.m */; };
		9BE053F21B82C388005BCD96 /* ViewController.m in Sources */ = {isa = PBXBuildFile; fileRef = 9BE053F11B82C388005BCD96 /* ViewController.m */; };
		9BE053F51B82C388005BCD96 /* Main.storyboard in Resources */ = {isa = PBXBuildFile; fileRef = 9BE053F31B82C388005BCD96 /* Main.storyboard */; };
		9BE053F71B82C388005BCD96 /* Images.xcassets in Resources */ = {isa = PBXBuildFile; fileRef = 9BE053F61B82C388005BCD96 /* Images.xcassets */; };
		9BE053FA1B82C388005BCD96 /* LaunchScreen.xib in Resources */ = {isa = PBXBuildFile; fileRef = 9BE053F81B82C388005BCD96 /* LaunchScreen.xib */; };
		9BE054061B82C388005BCD96 /* testTests.m in Sources */ = {isa = PBXBuildFile; fileRef = 9BE054051B82C388005BCD96 /* testTests.m */; };
		9BE054161B82CA8A005BCD96 /* libavcodec.a in Frameworks */ = {isa = PBXBuildFile; fileRef = 9BE0540F1B82CA8A005BCD96 /* libavcodec.a */; };
		9BE054171B82CA8A005BCD96 /* libavdevice.a in Frameworks */ = {isa = PBXBuildFile; fileRef = 9BE054101B82CA8A005BCD96 /* libavdevice.a */; };
		9BE054181B82CA8A005BCD96 /* libavfilter.a in Frameworks */ = {isa = PBXBuildFile; fileRef = 9BE054111B82CA8A005BCD96 /* libavfilter.a */; };
		9BE054191B82CA8A005BCD96 /* libavformat.a in Frameworks */ = {isa = PBXBuildFile; fileRef = 9BE054121B82CA8A005BCD96 /* libavformat.a */; };
		9BE0541A1B82CA8A005BCD96 /* libavutil.a in Frameworks */ = {isa = PBXBuildFile; fileRef = 9BE054131B82CA8A005BCD96 /* libavutil.a */; };
		9BE0541B1B82CA8A005BCD96 /* libswresample.a in Frameworks */ = {isa = PBXBuildFile; fileRef = 9BE054141B82CA8A005BCD96 /* libswresample.a */; };
		9BE0541C1B82CA8A005BCD96 /* libswscale.a in Frameworks */ = {isa = PBXBuildFile; fileRef = 9BE054151B82CA8A005BCD96 /* libswscale.a */; };
		9BE054311B82CE00005BCD96 /* FFBitstreamFilter.m in Sources */ = {isa = PBXBuildFile; fileRef = 9BE0541F1B82CE00005BCD96 /* FFBitstreamFilter.m */; };
		9BE054321B82CE00005BCD96 /* FFFile.m in Sources */ = {isa = PBXBuildFile; fileRef = 9BE054211B82CE00005BCD96 /* FFFile.m */; };
		9BE054331B82CE00005BCD96 /* FFInputFile.m in Sources */ = {isa = PBXBuildFile; fileRef = 9BE054231B82CE00005BCD96 /* FFInputFile.m */; };
		9BE054341B82CE00005BCD96 /* FFInputStream.m in Sources */ = {isa = PBXBuildFile; fileRef = 9BE054251B82CE00005BCD96 /* FFInputStream.m */; };
		9BE054351B82CE00005BCD96 /* FFmpegWrapper.m in Sources */ = {isa = PBXBuildFile; fileRef = 9BE054281B82CE00005BCD96 /* FFmpegWrapper.m */; };
		9BE054361B82CE00005BCD96 /* FFOutputFile.m in Sources */ = {isa = PBXBuildFile; fileRef = 9BE0542A1B82CE00005BCD96 /* FFOutputFile.m */; };
		9BE054371B82CE00005BCD96 /* FFOutputStream.m in Sources */ = {isa = PBXBuildFile; fileRef = 9BE0542C1B82CE00005BCD96 /* FFOutputStream.m */; };
		9BE054381B82CE00005BCD96 /* FFStream.m in Sources */ = {isa = PBXBuildFile; fileRef = 9BE0542E1B82CE00005BCD96 /* FFStream.m */; };
		9BE054391B82CE00005BCD96 /* FFUtilities.m in Sources */ = {isa = PBXBuildFile; fileRef = 9BE054301B82CE00005BCD96 /* FFUtilities.m */; };
		9BE0546F1B82D34F005BCD96 /* libz.dylib in Frameworks */ = {isa = PBXBuildFile; fileRef = 9BE0546E1B82D34F005BCD96 /* libz.dylib */; };
		9BE054711B82D383005BCD96 /* libbz2.dylib in Frameworks */ = {isa = PBXBuildFile; fileRef = 9BE054701B82D383005BCD96 /* libbz2.dylib */; };
		9BE054731B82D38B005BCD96 /* libiconv.dylib in Frameworks */ = {isa = PBXBuildFile; fileRef = 9BE054721B82D38B005BCD96 /* libiconv.dylib */; };
		9BE054751B82F51C005BCD96 /* libpostproc.a in Frameworks */ = {isa = PBXBuildFile; fileRef = 9BE054741B82F51C005BCD96 /* libpostproc.a */; };
		9BE054771B82F571005BCD96 /* libx264.a in Frameworks */ = {isa = PBXBuildFile; fileRef = 9BE054761B82F571005BCD96 /* libx264.a */; };
/* End PBXBuildFile section */

/* Begin PBXContainerItemProxy section */
		9BE054001B82C388005BCD96 /* PBXContainerItemProxy */ = {
			isa = PBXContainerItemProxy;
			containerPortal = 9BE053DE1B82C388005BCD96 /* Project object */;
			proxyType = 1;
			remoteGlobalIDString = 9BE053E51B82C388005BCD96;
			remoteInfo = test;
		};
/* End PBXContainerItemProxy section */

/* Begin PBXFileReference section */
		9BE053E61B82C388005BCD96 /* test.app */ = {isa = PBXFileReference; explicitFileType = wrapper.application; includeInIndex = 0; path = test.app; sourceTree = BUILT_PRODUCTS_DIR; };
		9BE053EA1B82C388005BCD96 /* Info.plist */ = {isa = PBXFileReference; lastKnownFileType = text.plist.xml; path = Info.plist; sourceTree = "<group>"; };
		9BE053EB1B82C388005BCD96 /* main.m */ = {isa = PBXFileReference; lastKnownFileType = sourcecode.c.objc; path = main.m; sourceTree = "<group>"; };
		9BE053ED1B82C388005BCD96 /* AppDelegate.h */ = {isa = PBXFileReference; lastKnownFileType = sourcecode.c.h; path = AppDelegate.h; sourceTree = "<group>"; };
		9BE053EE1B82C388005BCD96 /* AppDelegate.m */ = {isa = PBXFileReference; lastKnownFileType = sourcecode.c.objc; path = AppDelegate.m; sourceTree = "<group>"; };
		9BE053F01B82C388005BCD96 /* ViewController.h */ = {isa = PBXFileReference; lastKnownFileType = sourcecode.c.h; path = ViewController.h; sourceTree = "<group>"; };
		9BE053F11B82C388005BCD96 /* ViewController.m */ = {isa = PBXFileReference; lastKnownFileType = sourcecode.c.objc; path = ViewController.m; sourceTree = "<group>"; };
		9BE053F41B82C388005BCD96 /* Base */ = {isa = PBXFileReference; lastKnownFileType = file.storyboard; name = Base; path = Base.lproj/Main.storyboard; sourceTree = "<group>"; };
		9BE053F61B82C388005BCD96 /* Images.xcassets */ = {isa = PBXFileReference; lastKnownFileType = folder.assetcatalog; path = Images.xcassets; sourceTree = "<group>"; };
		9BE053F91B82C388005BCD96 /* Base */ = {isa = PBXFileReference; lastKnownFileType = file.xib; name = Base; path = Base.lproj/LaunchScreen.xib; sourceTree = "<group>"; };
		9BE053FF1B82C388005BCD96 /* testTests.xctest */ = {isa = PBXFileReference; explicitFileType = wrapper.cfbundle; includeInIndex = 0; path = testTests.xctest; sourceTree = BUILT_PRODUCTS_DIR; };
		9BE054041B82C388005BCD96 /* Info.plist */ = {isa = PBXFileReference; lastKnownFileType = text.plist.xml; path = Info.plist; sourceTree = "<group>"; };
		9BE054051B82C388005BCD96 /* testTests.m */ = {isa = PBXFileReference; lastKnownFileType = sourcecode.c.objc; path = testTests.m; sourceTree = "<group>"; };
		9BE0540F1B82CA8A005BCD96 /* libavcodec.a */ = {isa = PBXFileReference; lastKnownFileType = archive.ar; name = libavcodec.a; path = "FFmpeg-iOS/lib/libavcodec.a"; sourceTree = "<group>"; };
		9BE054101B82CA8A005BCD96 /* libavdevice.a */ = {isa = PBXFileReference; lastKnownFileType = archive.ar; name = libavdevice.a; path = "FFmpeg-iOS/lib/libavdevice.a"; sourceTree = "<group>"; };
		9BE054111B82CA8A005BCD96 /* libavfilter.a */ = {isa = PBXFileReference; lastKnownFileType = archive.ar; name = libavfilter.a; path = "FFmpeg-iOS/lib/libavfilter.a"; sourceTree = "<group>"; };
		9BE054121B82CA8A005BCD96 /* libavformat.a */ = {isa = PBXFileReference; lastKnownFileType = archive.ar; name = libavformat.a; path = "FFmpeg-iOS/lib/libavformat.a"; sourceTree = "<group>"; };
		9BE054131B82CA8A005BCD96 /* libavutil.a */ = {isa = PBXFileReference; lastKnownFileType = archive.ar; name = libavutil.a; path = "FFmpeg-iOS/lib/libavutil.a"; sourceTree = "<group>"; };
		9BE054141B82CA8A005BCD96 /* libswresample.a */ = {isa = PBXFileReference; lastKnownFileType = archive.ar; name = libswresample.a; path = "FFmpeg-iOS/lib/libswresample.a"; sourceTree = "<group>"; };
		9BE054151B82CA8A005BCD96 /* libswscale.a */ = {isa = PBXFileReference; lastKnownFileType = archive.ar; name = libswscale.a; path = "FFmpeg-iOS/lib/libswscale.a"; sourceTree = "<group>"; };
		9BE0541E1B82CE00005BCD96 /* FFBitstreamFilter.h */ = {isa = PBXFileReference; fileEncoding = 4; lastKnownFileType = sourcecode.c.h; path = FFBitstreamFilter.h; sourceTree = "<group>"; };
		9BE0541F1B82CE00005BCD96 /* FFBitstreamFilter.m */ = {isa = PBXFileReference; fileEncoding = 4; lastKnownFileType = sourcecode.c.objc; path = FFBitstreamFilter.m; sourceTree = "<group>"; };
		9BE054201B82CE00005BCD96 /* FFFile.h */ = {isa = PBXFileReference; fileEncoding = 4; lastKnownFileType = sourcecode.c.h; path = FFFile.h; sourceTree = "<group>"; };
		9BE054211B82CE00005BCD96 /* FFFile.m */ = {isa = PBXFileReference; fileEncoding = 4; lastKnownFileType = sourcecode.c.objc; path = FFFile.m; sourceTree = "<group>"; };
		9BE054221B82CE00005BCD96 /* FFInputFile.h */ = {isa = PBXFileReference; fileEncoding = 4; lastKnownFileType = sourcecode.c.h; path = FFInputFile.h; sourceTree = "<group>"; };
		9BE054231B82CE00005BCD96 /* FFInputFile.m */ = {isa = PBXFileReference; fileEncoding = 4; lastKnownFileType = sourcecode.c.objc; path = FFInputFile.m; sourceTree = "<group>"; };
		9BE054241B82CE00005BCD96 /* FFInputStream.h */ = {isa = PBXFileReference; fileEncoding = 4; lastKnownFileType = sourcecode.c.h; path = FFInputStream.h; sourceTree = "<group>"; };
		9BE054251B82CE00005BCD96 /* FFInputStream.m */ = {isa = PBXFileReference; fileEncoding = 4; lastKnownFileType = sourcecode.c.objc; path = FFInputStream.m; sourceTree = "<group>"; };
		9BE054261B82CE00005BCD96 /* FFmpegWrapper-Prefix.pch */ = {isa = PBXFileReference; fileEncoding = 4; lastKnownFileType = sourcecode.c.h; path = "FFmpegWrapper-Prefix.pch"; sourceTree = "<group>"; };
		9BE054271B82CE00005BCD96 /* FFmpegWrapper.h */ = {isa = PBXFileReference; fileEncoding = 4; lastKnownFileType = sourcecode.c.h; path = FFmpegWrapper.h; sourceTree = "<group>"; };
		9BE054281B82CE00005BCD96 /* FFmpegWrapper.m */ = {isa = PBXFileReference; fileEncoding = 4; lastKnownFileType = sourcecode.c.objc; path = FFmpegWrapper.m; sourceTree = "<group>"; };
		9BE054291B82CE00005BCD96 /* FFOutputFile.h */ = {isa = PBXFileReference; fileEncoding = 4; lastKnownFileType = sourcecode.c.h; path = FFOutputFile.h; sourceTree = "<group>"; };
		9BE0542A1B82CE00005BCD96 /* FFOutputFile.m */ = {isa = PBXFileReference; fileEncoding = 4; lastKnownFileType = sourcecode.c.objc; path = FFOutputFile.m; sourceTree = "<group>"; };
		9BE0542B1B82CE00005BCD96 /* FFOutputStream.h */ = {isa = PBXFileReference; fileEncoding = 4; lastKnownFileType = sourcecode.c.h; path = FFOutputStream.h; sourceTree = "<group>"; };
		9BE0542C1B82CE00005BCD96 /* FFOutputStream.m */ = {isa = PBXFileReference; fileEncoding = 4; lastKnownFileType = sourcecode.c.objc; path = FFOutputStream.m; sourceTree = "<group>"; };
		9BE0542D1B82CE00005BCD96 /* FFStream.h */ = {isa = PBXFileReference; fileEncoding = 4; lastKnownFileType = sourcecode.c.h; path = FFStream.h; sourceTree = "<group>"; };
		9BE0542E1B82CE00005BCD96 /* FFStream.m */ = {isa = PBXFileReference; fileEncoding = 4; lastKnownFileType = sourcecode.c.objc; path = FFStream.m; sourceTree = "<group>"; };
		9BE0542F1B82CE00005BCD96 /* FFUtilities.h */ = {isa = PBXFileReference; fileEncoding = 4; lastKnownFileType = sourcecode.c.h; path = FFUtilities.h; sourceTree = "<group>"; };
		9BE054301B82CE00005BCD96 /* FFUtilities.m */ = {isa = PBXFileReference; fileEncoding = 4; lastKnownFileType = sourcecode.c.objc; path = FFUtilities.m; sourceTree = "<group>"; };
		9BE0546E1B82D34F005BCD96 /* libz.dylib */ = {isa = PBXFileReference; lastKnownFileType = "compiled.mach-o.dylib"; name = libz.dylib; path = usr/lib/libz.dylib; sourceTree = SDKROOT; };
		9BE054701B82D383005BCD96 /* libbz2.dylib */ = {isa = PBXFileReference; lastKnownFileType = "compiled.mach-o.dylib"; name = libbz2.dylib; path = usr/lib/libbz2.dylib; sourceTree = SDKROOT; };
		9BE054721B82D38B005BCD96 /* libiconv.dylib */ = {isa = PBXFileReference; lastKnownFileType = "compiled.mach-o.dylib"; name = libiconv.dylib; path = usr/lib/libiconv.dylib; sourceTree = SDKROOT; };
		9BE054741B82F51C005BCD96 /* libpostproc.a */ = {isa = PBXFileReference; lastKnownFileType = archive.ar; name = libpostproc.a; path = "FFmpeg-iOS/lib/libpostproc.a"; sourceTree = "<group>"; };
		9BE054761B82F571005BCD96 /* libx264.a */ = {isa = PBXFileReference; lastKnownFileType = archive.ar; name = libx264.a; path = "x264/x264-iOS/lib/libx264.a"; sourceTree = "<group>"; };
/* End PBXFileReference section */

/* Begin PBXFrameworksBuildPhase section */
		9BE053E31B82C388005BCD96 /* Frameworks */ = {
			isa = PBXFrameworksBuildPhase;
			buildActionMask = 2147483647;
			files = (
				9BE054771B82F571005BCD96 /* libx264.a in Frameworks */,
				9BE054731B82D38B005BCD96 /* libiconv.dylib in Frameworks */,
				9BE054711B82D383005BCD96 /* libbz2.dylib in Frameworks */,
				9BE0546F1B82D34F005BCD96 /* libz.dylib in Frameworks */,
				9BE054161B82CA8A005BCD96 /* libavcodec.a in Frameworks */,
				9BE054171B82CA8A005BCD96 /* libavdevice.a in Frameworks */,
				9BE054751B82F51C005BCD96 /* libpostproc.a in Frameworks */,
				9BE054181B82CA8A005BCD96 /* libavfilter.a in Frameworks */,
				9BE054191B82CA8A005BCD96 /* libavformat.a in Frameworks */,
				9BE0541A1B82CA8A005BCD96 /* libavutil.a in Frameworks */,
				9BE0541B1B82CA8A005BCD96 /* libswresample.a in Frameworks */,
				9BE0541C1B82CA8A005BCD96 /* libswscale.a in Frameworks */,
			);
			runOnlyForDeploymentPostprocessing = 0;
		};
		9BE053FC1B82C388005BCD96 /* Frameworks */ = {
			isa = PBXFrameworksBuildPhase;
			buildActionMask = 2147483647;
			files = (
			);
			runOnlyForDeploymentPostprocessing = 0;
		};
/* End PBXFrameworksBuildPhase section */

/* Begin PBXGroup section */
		9BE053DD1B82C388005BCD96 = {
			isa = PBXGroup;
			children = (
				9BE054761B82F571005BCD96 /* libx264.a */,
				9BE054721B82D38B005BCD96 /* libiconv.dylib */,
				9BE054701B82D383005BCD96 /* libbz2.dylib */,
				9BE0546E1B82D34F005BCD96 /* libz.dylib */,
				9BE0540F1B82CA8A005BCD96 /* libavcodec.a */,
				9BE054101B82CA8A005BCD96 /* libavdevice.a */,
				9BE054111B82CA8A005BCD96 /* libavfilter.a */,
				9BE054121B82CA8A005BCD96 /* libavformat.a */,
				9BE054741B82F51C005BCD96 /* libpostproc.a */,
				9BE054131B82CA8A005BCD96 /* libavutil.a */,
				9BE054141B82CA8A005BCD96 /* libswresample.a */,
				9BE054151B82CA8A005BCD96 /* libswscale.a */,
				9BE0541D1B82CE00005BCD96 /* FFmpegWrapper */,
				9BE053E81B82C388005BCD96 /* test */,
				9BE054021B82C388005BCD96 /* testTests */,
				9BE053E71B82C388005BCD96 /* Products */,
			);
			sourceTree = "<group>";
		};
		9BE053E71B82C388005BCD96 /* Products */ = {
			isa = PBXGroup;
			children = (
				9BE053E61B82C388005BCD96 /* test.app */,
				9BE053FF1B82C388005BCD96 /* testTests.xctest */,
			);
			name = Products;
			sourceTree = "<group>";
		};
		9BE053E81B82C388005BCD96 /* test */ = {
			isa = PBXGroup;
			children = (
				9BE053ED1B82C388005BCD96 /* AppDelegate.h */,
				9BE053EE1B82C388005BCD96 /* AppDelegate.m */,
				9BE053F01B82C388005BCD96 /* ViewController.h */,
				9BE053F11B82C388005BCD96 /* ViewController.m */,
				9BE053F31B82C388005BCD96 /* Main.storyboard */,
				9BE053F61B82C388005BCD96 /* Images.xcassets */,
				9BE053F81B82C388005BCD96 /* LaunchScreen.xib */,
				9BE053E91B82C388005BCD96 /* Supporting Files */,
			);
			path = test;
			sourceTree = "<group>";
		};
		9BE053E91B82C388005BCD96 /* Supporting Files */ = {
			isa = PBXGroup;
			children = (
				9BE053EA1B82C388005BCD96 /* Info.plist */,
				9BE053EB1B82C388005BCD96 /* main.m */,
			);
			name = "Supporting Files";
			sourceTree = "<group>";
		};
		9BE054021B82C388005BCD96 /* testTests */ = {
			isa = PBXGroup;
			children = (
				9BE054051B82C388005BCD96 /* testTests.m */,
				9BE054031B82C388005BCD96 /* Supporting Files */,
			);
			path = testTests;
			sourceTree = "<group>";
		};
		9BE054031B82C388005BCD96 /* Supporting Files */ = {
			isa = PBXGroup;
			children = (
				9BE054041B82C388005BCD96 /* Info.plist */,
			);
			name = "Supporting Files";
			sourceTree = "<group>";
		};
		9BE0541D1B82CE00005BCD96 /* FFmpegWrapper */ = {
			isa = PBXGroup;
			children = (
				9BE0541E1B82CE00005BCD96 /* FFBitstreamFilter.h */,
				9BE0541F1B82CE00005BCD96 /* FFBitstreamFilter.m */,
				9BE054201B82CE00005BCD96 /* FFFile.h */,
				9BE054211B82CE00005BCD96 /* FFFile.m */,
				9BE054221B82CE00005BCD96 /* FFInputFile.h */,
				9BE054231B82CE00005BCD96 /* FFInputFile.m */,
				9BE054241B82CE00005BCD96 /* FFInputStream.h */,
				9BE054251B82CE00005BCD96 /* FFInputStream.m */,
				9BE054261B82CE00005BCD96 /* FFmpegWrapper-Prefix.pch */,
				9BE054271B82CE00005BCD96 /* FFmpegWrapper.h */,
				9BE054281B82CE00005BCD96 /* FFmpegWrapper.m */,
				9BE054291B82CE00005BCD96 /* FFOutputFile.h */,
				9BE0542A1B82CE00005BCD96 /* FFOutputFile.m */,
				9BE0542B1B82CE00005BCD96 /* FFOutputStream.h */,
				9BE0542C1B82CE00005BCD96 /* FFOutputStream.m */,
				9BE0542D1B82CE00005BCD96 /* FFStream.h */,
				9BE0542E1B82CE00005BCD96 /* FFStream.m */,
				9BE0542F1B82CE00005BCD96 /* FFUtilities.h */,
				9BE054301B82CE00005BCD96 /* FFUtilities.m */,
			);
			path = FFmpegWrapper;
			sourceTree = "<group>";
		};
/* End PBXGroup section */

/* Begin PBXNativeTarget section */
		9BE053E51B82C388005BCD96 /* test */ = {
			isa = PBXNativeTarget;
			buildConfigurationList = 9BE054091B82C388005BCD96 /* Build configuration list for PBXNativeTarget "test" */;
			buildPhases = (
				9BE053E21B82C388005BCD96 /* Sources */,
				9BE053E31B82C388005BCD96 /* Frameworks */,
				9BE053E41B82C388005BCD96 /* Resources */,
			);
			buildRules = (
			);
			dependencies = (
			);
			name = test;
			productName = test;
			productReference = 9BE053E61B82C388005BCD96 /* test.app */;
			productType = "com.apple.product-type.application";
		};
		9BE053FE1B82C388005BCD96 /* testTests */ = {
			isa = PBXNativeTarget;
			buildConfigurationList = 9BE0540C1B82C388005BCD96 /* Build configuration list for PBXNativeTarget "testTests" */;
			buildPhases = (
				9BE053FB1B82C388005BCD96 /* Sources */,
				9BE053FC1B82C388005BCD96 /* Frameworks */,
				9BE053FD1B82C388005BCD96 /* Resources */,
			);
			buildRules = (
			);
			dependencies = (
				9BE054011B82C388005BCD96 /* PBXTargetDependency */,
			);
			name = testTests;
			productName = testTests;
			productReference = 9BE053FF1B82C388005BCD96 /* testTests.xctest */;
			productType = "com.apple.product-type.bundle.unit-test";
		};
/* End PBXNativeTarget section */

/* Begin PBXProject section */
		9BE053DE1B82C388005BCD96 /* Project object */ = {
			isa = PBXProject;
			attributes = {
				LastUpgradeCheck = 0640;
				ORGANIZATIONNAME = "Anthony Figueroa";
				TargetAttributes = {
					9BE053E51B82C388005BCD96 = {
						CreatedOnToolsVersion = 6.4;
					};
					9BE053FE1B82C388005BCD96 = {
						CreatedOnToolsVersion = 6.4;
						TestTargetID = 9BE053E51B82C388005BCD96;
					};
				};
			};
			buildConfigurationList = 9BE053E11B82C388005BCD96 /* Build configuration list for PBXProject "test" */;
			compatibilityVersion = "Xcode 3.2";
			developmentRegion = English;
			hasScannedForEncodings = 0;
			knownRegions = (
				en,
				Base,
			);
			mainGroup = 9BE053DD1B82C388005BCD96;
			productRefGroup = 9BE053E71B82C388005BCD96 /* Products */;
			projectDirPath = "";
			projectRoot = "";
			targets = (
				9BE053E51B82C388005BCD96 /* test */,
				9BE053FE1B82C388005BCD96 /* testTests */,
			);
		};
/* End PBXProject section */

/* Begin PBXResourcesBuildPhase section */
		9BE053E41B82C388005BCD96 /* Resources */ = {
			isa = PBXResourcesBuildPhase;
			buildActionMask = 2147483647;
			files = (
				9BE053F51B82C388005BCD96 /* Main.storyboard in Resources */,
				9BE053FA1B82C388005BCD96 /* LaunchScreen.xib in Resources */,
				9BE053F71B82C388005BCD96 /* Images.xcassets in Resources */,
			);
			runOnlyForDeploymentPostprocessing = 0;
		};
		9BE053FD1B82C388005BCD96 /* Resources */ = {
			isa = PBXResourcesBuildPhase;
			buildActionMask = 2147483647;
			files = (
			);
			runOnlyForDeploymentPostprocessing = 0;
		};
/* End PBXResourcesBuildPhase section */

/* Begin PBXSourcesBuildPhase section */
		9BE053E21B82C388005BCD96 /* Sources */ = {
			isa = PBXSourcesBuildPhase;
			buildActionMask = 2147483647;
			files = (
				9BE054351B82CE00005BCD96 /* FFmpegWrapper.m in Sources */,
				9BE054331B82CE00005BCD96 /* FFInputFile.m in Sources */,
				9BE053F21B82C388005BCD96 /* ViewController.m in Sources */,
				9BE054341B82CE00005BCD96 /* FFInputStream.m in Sources */,
				9BE054371B82CE00005BCD96 /* FFOutputStream.m in Sources */,
				9BE054361B82CE00005BCD96 /* FFOutputFile.m in Sources */,
				9BE053EF1B82C388005BCD96 /* AppDelegate.m in Sources */,
				9BE054321B82CE00005BCD96 /* FFFile.m in Sources */,
				9BE054391B82CE00005BCD96 /* FFUtilities.m in Sources */,
				9BE053EC1B82C388005BCD96 /* main.m in Sources */,
				9BE054311B82CE00005BCD96 /* FFBitstreamFilter.m in Sources */,
				9BE054381B82CE00005BCD96 /* FFStream.m in Sources */,
			);
			runOnlyForDeploymentPostprocessing = 0;
		};
		9BE053FB1B82C388005BCD96 /* Sources */ = {
			isa = PBXSourcesBuildPhase;
			buildActionMask = 2147483647;
			files = (
				9BE054061B82C388005BCD96 /* testTests.m in Sources */,
			);
			runOnlyForDeploymentPostprocessing = 0;
		};
/* End PBXSourcesBuildPhase section */

/* Begin PBXTargetDependency section */
		9BE054011B82C388005BCD96 /* PBXTargetDependency */ = {
			isa = PBXTargetDependency;
			target = 9BE053E51B82C388005BCD96 /* test */;
			targetProxy = 9BE054001B82C388005BCD96 /* PBXContainerItemProxy */;
		};
/* End PBXTargetDependency section */

/* Begin PBXVariantGroup section */
		9BE053F31B82C388005BCD96 /* Main.storyboard */ = {
			isa = PBXVariantGroup;
			children = (
				9BE053F41B82C388005BCD96 /* Base */,
			);
			name = Main.storyboard;
			sourceTree = "<group>";
		};
		9BE053F81B82C388005BCD96 /* LaunchScreen.xib */ = {
			isa = PBXVariantGroup;
			children = (
				9BE053F91B82C388005BCD96 /* Base */,
			);
			name = LaunchScreen.xib;
			sourceTree = "<group>";
		};
/* End PBXVariantGroup section */

/* Begin XCBuildConfiguration section */
		9BE054071B82C388005BCD96 /* Debug */ = {
			isa = XCBuildConfiguration;
			buildSettings = {
				ALWAYS_SEARCH_USER_PATHS = NO;
				CLANG_CXX_LANGUAGE_STANDARD = "gnu++0x";
				CLANG_CXX_LIBRARY = "libc++";
				CLANG_ENABLE_MODULES = YES;
				CLANG_ENABLE_OBJC_ARC = YES;
				CLANG_WARN_BOOL_CONVERSION = YES;
				CLANG_WARN_CONSTANT_CONVERSION = YES;
				CLANG_WARN_DIRECT_OBJC_ISA_USAGE = YES_ERROR;
				CLANG_WARN_EMPTY_BODY = YES;
				CLANG_WARN_ENUM_CONVERSION = YES;
				CLANG_WARN_INT_CONVERSION = YES;
				CLANG_WARN_OBJC_ROOT_CLASS = YES_ERROR;
				CLANG_WARN_UNREACHABLE_CODE = YES;
				CLANG_WARN__DUPLICATE_METHOD_MATCH = YES;
				"CODE_SIGN_IDENTITY[sdk=iphoneos*]" = "iPhone Developer";
				COPY_PHASE_STRIP = NO;
				DEBUG_INFORMATION_FORMAT = "dwarf-with-dsym";
				ENABLE_STRICT_OBJC_MSGSEND = YES;
				GCC_C_LANGUAGE_STANDARD = gnu99;
				GCC_DYNAMIC_NO_PIC = NO;
				GCC_NO_COMMON_BLOCKS = YES;
				GCC_OPTIMIZATION_LEVEL = 0;
				GCC_PREPROCESSOR_DEFINITIONS = (
					"DEBUG=1",
					"$(inherited)",
				);
				GCC_SYMBOLS_PRIVATE_EXTERN = NO;
				GCC_WARN_64_TO_32_BIT_CONVERSION = YES;
				GCC_WARN_ABOUT_RETURN_TYPE = YES_ERROR;
				GCC_WARN_UNDECLARED_SELECTOR = YES;
				GCC_WARN_UNINITIALIZED_AUTOS = YES_AGGRESSIVE;
				GCC_WARN_UNUSED_FUNCTION = YES;
				GCC_WARN_UNUSED_VARIABLE = YES;
				IPHONEOS_DEPLOYMENT_TARGET = 8.4;
				MTL_ENABLE_DEBUG_INFO = YES;
				ONLY_ACTIVE_ARCH = YES;
				SDKROOT = iphoneos;
				TARGETED_DEVICE_FAMILY = "1,2";
			};
			name = Debug;
		};
		9BE054081B82C388005BCD96 /* Release */ = {
			isa = XCBuildConfiguration;
			buildSettings = {
				ALWAYS_SEARCH_USER_PATHS = NO;
				CLANG_CXX_LANGUAGE_STANDARD = "gnu++0x";
				CLANG_CXX_LIBRARY = "libc++";
				CLANG_ENABLE_MODULES = YES;
				CLANG_ENABLE_OBJC_ARC = YES;
				CLANG_WARN_BOOL_CONVERSION = YES;
				CLANG_WARN_CONSTANT_CONVERSION = YES;
				CLANG_WARN_DIRECT_OBJC_ISA_USAGE = YES_ERROR;
				CLANG_WARN_EMPTY_BODY = YES;
				CLANG_WARN_ENUM_CONVERSION = YES;
				CLANG_WARN_INT_CONVERSION = YES;
				CLANG_WARN_OBJC_ROOT_CLASS = YES_ERROR;
				CLANG_WARN_UNREACHABLE_CODE = YES;
				CLANG_WARN__DUPLICATE_METHOD_MATCH = YES;
				"CODE_SIGN_IDENTITY[sdk=iphoneos*]" = "iPhone Developer";
				COPY_PHASE_STRIP = NO;
				DEBUG_INFORMATION_FORMAT = "dwarf-with-dsym";
				ENABLE_NS_ASSERTIONS = NO;
				ENABLE_STRICT_OBJC_MSGSEND = YES;
				GCC_C_LANGUAGE_STANDARD = gnu99;
				GCC_NO_COMMON_BLOCKS = YES;
				GCC_WARN_64_TO_32_BIT_CONVERSION = YES;
				GCC_WARN_ABOUT_RETURN_TYPE = YES_ERROR;
				GCC_WARN_UNDECLARED_SELECTOR = YES;
				GCC_WARN_UNINITIALIZED_AUTOS = YES_AGGRESSIVE;
				GCC_WARN_UNUSED_FUNCTION = YES;
				GCC_WARN_UNUSED_VARIABLE = YES;
				IPHONEOS_DEPLOYMENT_TARGET = 8.4;
				MTL_ENABLE_DEBUG_INFO = NO;
				SDKROOT = iphoneos;
				TARGETED_DEVICE_FAMILY = "1,2";
				VALIDATE_PRODUCT = YES;
			};
			name = Release;
		};
		9BE0540A1B82C388005BCD96 /* Debug */ = {
			isa = XCBuildConfiguration;
			buildSettings = {
				ASSETCATALOG_COMPILER_APPICON_NAME = AppIcon;
				HEADER_SEARCH_PATHS = (
					"$(inherited)",
					/Applications/Xcode.app/Contents/Developer/Toolchains/XcodeDefault.xctoolchain/usr/include,
					"${SRCROOT}/FFmpeg-iOS/include",
				);
				INFOPLIST_FILE = test/Info.plist;
				LD_RUNPATH_SEARCH_PATHS = "$(inherited) @executable_path/Frameworks";
				LIBRARY_SEARCH_PATHS = (
					"$(inherited)",
					"$(PROJECT_DIR)/FFmpeg-iOS/lib",
					"$(PROJECT_DIR)/x264/x264-iOS/lib",
				);
				PRODUCT_NAME = "$(TARGET_NAME)";
			};
			name = Debug;
		};
		9BE0540B1B82C388005BCD96 /* Release */ = {
			isa = XCBuildConfiguration;
			buildSettings = {
				ASSETCATALOG_COMPILER_APPICON_NAME = AppIcon;
				HEADER_SEARCH_PATHS = (
					"$(inherited)",
					/Applications/Xcode.app/Contents/Developer/Toolchains/XcodeDefault.xctoolchain/usr/include,
					"${SRCROOT}/FFmpeg-iOS/include",
				);
				INFOPLIST_FILE = test/Info.plist;
				LD_RUNPATH_SEARCH_PATHS = "$(inherited) @executable_path/Frameworks";
				LIBRARY_SEARCH_PATHS = (
					"$(inherited)",
					"$(PROJECT_DIR)/FFmpeg-iOS/lib",
					"$(PROJECT_DIR)/x264/x264-iOS/lib",
				);
				PRODUCT_NAME = "$(TARGET_NAME)";
			};
			name = Release;
		};
		9BE0540D1B82C388005BCD96 /* Debug */ = {
			isa = XCBuildConfiguration;
			buildSettings = {
				BUNDLE_LOADER = "$(TEST_HOST)";
				FRAMEWORK_SEARCH_PATHS = (
					"$(SDKROOT)/Developer/Library/Frameworks",
					"$(inherited)",
				);
				GCC_PREPROCESSOR_DEFINITIONS = (
					"DEBUG=1",
					"$(inherited)",
				);
				INFOPLIST_FILE = testTests/Info.plist;
				LD_RUNPATH_SEARCH_PATHS = "$(inherited) @executable_path/Frameworks @loader_path/Frameworks";
				PRODUCT_NAME = "$(TARGET_NAME)";
				TEST_HOST = "$(BUILT_PRODUCTS_DIR)/test.app/test";
			};
			name = Debug;
		};
		9BE0540E1B82C388005BCD96 /* Release */ = {
			isa = XCBuildConfiguration;
			buildSettings = {
				BUNDLE_LOADER = "$(TEST_HOST)";
				FRAMEWORK_SEARCH_PATHS = (
					"$(SDKROOT)/Developer/Library/Frameworks",
					"$(inherited)",
				);
				INFOPLIST_FILE = testTests/Info.plist;
				LD_RUNPATH_SEARCH_PATHS = "$(inherited) @executable_path/Frameworks @loader_path/Frameworks";
				PRODUCT_NAME = "$(TARGET_NAME)";
				TEST_HOST = "$(BUILT_PRODUCTS_DIR)/test.app/test";
			};
			name = Release;
		};
/* End XCBuildConfiguration section */

/* Begin XCConfigurationList section */
		9BE053E11B82C388005BCD96 /* Build configuration list for PBXProject "test" */ = {
			isa = XCConfigurationList;
			buildConfigurations = (
				9BE054071B82C388005BCD96 /* Debug */,
				9BE054081B82C388005BCD96 /* Release */,
			);
			defaultConfigurationIsVisible = 0;
			defaultConfigurationName = Release;
		};
		9BE054091B82C388005BCD96 /* Build configuration list for PBXNativeTarget "test" */ = {
			isa = XCConfigurationList;
			buildConfigurations = (
				9BE0540A1B82C388005BCD96 /* Debug */,
				9BE0540B1B82C388005BCD96 /* Release */,
			);
			defaultConfigurationIsVisible = 0;
		};
		9BE0540C1B82C388005BCD96 /* Build configuration list for PBXNativeTarget "testTests" */ = {
			isa = XCConfigurationList;
			buildConfigurations = (
				9BE0540D1B82C388005BCD96 /* Debug */,
				9BE0540E1B82C388005BCD96 /* Release */,
			);
			defaultConfigurationIsVisible = 0;
		};
/* End XCConfigurationList section */
	};
	rootObject = 9BE053DE1B82C388005BCD96 /* Project object */;
}
